
Microsoft Visual Studio Solution File, Format Version 12.00
Project("{FAE04EC0-301F-11D3-BF4B-00C04F79EFBC}") = "lab3sh", "lab3sh.csproj", "{0C786DF7-A79E-4771-8F44-FB4D629D0462}"
EndProject
Global
	GlobalSection(SolutionConfigurationPlatforms) = preSolution
		Debug|Any CPU = Debug|Any CPU
		Release|Any CPU = Release|Any CPU
	EndGlobalSection
	GlobalSection(ProjectConfigurationPlatforms) = postSolution
		{0C786DF7-A79E-4771-8F44-FB4D629D0462}.Debug|Any CPU.ActiveCfg = Debug|Any CPU
		{0C786DF7-A79E-4771-8F44-FB4D629D0462}.Debug|Any CPU.Build.0 = Debug|Any CPU
		{0C786DF7-A79E-4771-8F44-FB4D629D0462}.Release|Any CPU.ActiveCfg = Release|Any CPU
		{0C786DF7-A79E-4771-8F44-FB4D629D0462}.Release|Any CPU.Build.0 = Release|Any CPU
	EndGlobalSection
EndGlobal
